
Microsoft Visual Studio Solution File, Format Version 12.00
# Visual Studio Express 2013 for Web
VisualStudioVersion = 12.0.21005.1
MinimumVisualStudioVersion = 10.0.40219.1
Project("{FAE04EC0-301F-11D3-BF4B-00C04F79EFBC}") = "proyecto", "proyecto\proyecto.csproj", "{3B1C9637-413A-4BBA-B042-F1C4A62C6815}"
EndProject
Project("{FAE04EC0-301F-11D3-BF4B-00C04F79EFBC}") = "Model", "Model\Model.csproj", "{CDF9B747-6ACA-40C0-86B6-621A66F47B6D}"
EndProject
Project("{FAE04EC0-301F-11D3-BF4B-00C04F79EFBC}") = "Helper", "Helper\Helper.csproj", "{281B13F8-CD28-455B-8F35-68F4B6E6E1F1}"
EndProject
Global
	GlobalSection(SolutionConfigurationPlatforms) = preSolution
		Debug|Any CPU = Debug|Any CPU
		Release|Any CPU = Release|Any CPU
	EndGlobalSection
	GlobalSection(ProjectConfigurationPlatforms) = postSolution
		{3B1C9637-413A-4BBA-B042-F1C4A62C6815}.Debug|Any CPU.ActiveCfg = Debug|Any CPU
		{3B1C9637-413A-4BBA-B042-F1C4A62C6815}.Debug|Any CPU.Build.0 = Debug|Any CPU
		{3B1C9637-413A-4BBA-B042-F1C4A62C6815}.Release|Any CPU.ActiveCfg = Release|Any CPU
		{3B1C9637-413A-4BBA-B042-F1C4A62C6815}.Release|Any CPU.Build.0 = Release|Any CPU
		{CDF9B747-6ACA-40C0-86B6-621A66F47B6D}.Debug|Any CPU.ActiveCfg = Debug|Any CPU
		{CDF9B747-6ACA-40C0-86B6-621A66F47B6D}.Debug|Any CPU.Build.0 = Debug|Any CPU
		{CDF9B747-6ACA-40C0-86B6-621A66F47B6D}.Release|Any CPU.ActiveCfg = Release|Any CPU
		{CDF9B747-6ACA-40C0-86B6-621A66F47B6D}.Release|Any CPU.Build.0 = Release|Any CPU
		{281B13F8-CD28-455B-8F35-68F4B6E6E1F1}.Debug|Any CPU.ActiveCfg = Debug|Any CPU
		{281B13F8-CD28-455B-8F35-68F4B6E6E1F1}.Debug|Any CPU.Build.0 = Debug|Any CPU
		{281B13F8-CD28-455B-8F35-68F4B6E6E1F1}.Release|Any CPU.ActiveCfg = Release|Any CPU
		{281B13F8-CD28-455B-8F35-68F4B6E6E1F1}.Release|Any CPU.Build.0 = Release|Any CPU
	EndGlobalSection
	GlobalSection(SolutionProperties) = preSolution
		HideSolutionNode = FALSE
	EndGlobalSection
EndGlobal
